
Microsoft Visual Studio Solution File, Format Version 12.00
# Visual Studio 14
VisualStudioVersion = 14.0.24720.0
MinimumVisualStudioVersion = 10.0.40219.1
Project("{FAE04EC0-301F-11D3-BF4B-00C04F79EFBC}") = "DesktopSearchBase", "DesktopSearchBase\DesktopSearchBase.csproj", "{D63B5980-C82E-4C3B-BFDB-D81BC7131BE7}"
EndProject
Project("{FAE04EC0-301F-11D3-BF4B-00C04F79EFBC}") = "DesktopSearchGUI", "DesktopSearchGUI\DesktopSearchGUI.csproj", "{C6149C29-CF3E-4DCF-A93A-3D99AFABD8DB}"
EndProject
Project("{FAE04EC0-301F-11D3-BF4B-00C04F79EFBC}") = "DesktopSearchingSpellCorrection", "DesktopSearchingSpellCorrection\DesktopSearchingSpellCorrection.csproj", "{AAFA1245-2AA7-43AC-BBF4-A3C4E83FB681}"
EndProject
Global
	GlobalSection(SolutionConfigurationPlatforms) = preSolution
		Debug|Any CPU = Debug|Any CPU
		Release|Any CPU = Release|Any CPU
	EndGlobalSection
	GlobalSection(ProjectConfigurationPlatforms) = postSolution
		{D63B5980-C82E-4C3B-BFDB-D81BC7131BE7}.Debug|Any CPU.ActiveCfg = Debug|Any CPU
		{D63B5980-C82E-4C3B-BFDB-D81BC7131BE7}.Debug|Any CPU.Build.0 = Debug|Any CPU
		{D63B5980-C82E-4C3B-BFDB-D81BC7131BE7}.Release|Any CPU.ActiveCfg = Release|Any CPU
		{D63B5980-C82E-4C3B-BFDB-D81BC7131BE7}.Release|Any CPU.Build.0 = Release|Any CPU
		{C6149C29-CF3E-4DCF-A93A-3D99AFABD8DB}.Debug|Any CPU.ActiveCfg = Debug|Any CPU
		{C6149C29-CF3E-4DCF-A93A-3D99AFABD8DB}.Debug|Any CPU.Build.0 = Debug|Any CPU
		{C6149C29-CF3E-4DCF-A93A-3D99AFABD8DB}.Release|Any CPU.ActiveCfg = Release|Any CPU
		{C6149C29-CF3E-4DCF-A93A-3D99AFABD8DB}.Release|Any CPU.Build.0 = Release|Any CPU
		{AAFA1245-2AA7-43AC-BBF4-A3C4E83FB681}.Debug|Any CPU.ActiveCfg = Debug|Any CPU
		{AAFA1245-2AA7-43AC-BBF4-A3C4E83FB681}.Debug|Any CPU.Build.0 = Debug|Any CPU
		{AAFA1245-2AA7-43AC-BBF4-A3C4E83FB681}.Release|Any CPU.ActiveCfg = Release|Any CPU
		{AAFA1245-2AA7-43AC-BBF4-A3C4E83FB681}.Release|Any CPU.Build.0 = Release|Any CPU
	EndGlobalSection
	GlobalSection(SolutionProperties) = preSolution
		HideSolutionNode = FALSE
	EndGlobalSection
EndGlobal
